{
    "hash": "0fe52f5478f607bc8ae4dd5203948f99",
    "packages": [
        {
            "name": "coffeescript/coffeescript",
            "version": "dev-master",
            "source": {
                "type": "git",
                "url": "https://github.com/alxlit/coffeescript-php",
                "reference": "30c22332f0514f466638eb71e3219526790c1b93"
            },
            "dist": {
                "type": "zip",
                "url": "https://github.com/alxlit/coffeescript-php/archive/30c22332f0514f466638eb71e3219526790c1b93.zip",
                "reference": "30c22332f0514f466638eb71e3219526790c1b93",
                "shasum": ""
            },
            "require": {
                "php": ">=5.3.0"
            },
            "time": "2012-12-18 03:52:51",
            "type": "library",
            "autoload": {
                "psr-0": {
                    "CoffeeScript": "src/"
                }
            },
            "notification-url": "https://packagist.org/downloads/",
            "license": [
                "MIT"
            ],
            "authors": [
                {
                    "name": "Alex Little",
                    "email": "alxlit@gmail.com",
                    "homepage": "http://alxlit.name"
                }
            ],
            "description": "A port of the CoffeeScript compiler to PHP.",
            "homepage": "http://github.com/alxlit/coffeescript-php",
            "keywords": [
                "javascript",
                "JS",
                "coffee",
                "coffeescript"
            ]
        },
        {
            "name": "digital-canvas/zend-framework",
            "version": "dev-master",
            "source": {
                "type": "git",
                "url": "https://github.com/digital-canvas/zend-framework",
                "reference": "1.12.1"
            },
            "dist": {
                "type": "zip",
                "url": "https://github.com/digital-canvas/zend-framework/archive/1.12.1.zip",
                "reference": "1.12.1",
                "shasum": ""
            },
            "require": {
                "php": ">=5.2.11"
            },
            "time": "2012-12-19 03:39:26",
            "type": "library",
            "autoload": {
                "psr-0": {
                    "Zend_": "library/",
                    "ZendX_": "library/"
                }
            },
            "notification-url": "https://packagist.org/downloads/",
            "include-path": [
                "library/"
            ],
            "license": [
                "BSD-3-Clause"
            ],
            "description": "Zend Framework with only the libraries and require_once() calls commented out for better performance with an autoloader.",
            "homepage": "https://github.com/digital-canvas/zend-framework",
            "keywords": [
                "zend",
                "Zend Framework",
                "ZF1",
                "zf"
            ]
        },
        {
            "name": "doctrine/common",
            "version": "2.3.0",
            "source": {
                "type": "git",
                "url": "https://github.com/doctrine/common",
                "reference": "2.3.0"
            },
            "dist": {
                "type": "zip",
                "url": "https://github.com/doctrine/common/zipball/2.3.0",
                "reference": "2.3.0",
                "shasum": ""
            },
            "require": {
                "php": ">=5.3.2"
            },
            "time": "2012-09-19 22:55:18",
            "type": "library",
            "extra": {
                "branch-alias": {
                    "dev-master": "2.3.x-dev"
                }
            },
            "autoload": {
                "psr-0": {
                    "Doctrine\\Common": "lib/"
                }
            },
            "notification-url": "https://packagist.org/downloads/",
            "license": [
                "MIT"
            ],
            "authors": [
                {
                    "name": "Jonathan Wage",
                    "email": "jonwage@gmail.com",
                    "homepage": "http://www.jwage.com/"
                },
                {
                    "name": "Guilherme Blanco",
                    "email": "guilhermeblanco@gmail.com",
                    "homepage": "http://www.instaclick.com"
                },
                {
                    "name": "Roman Borschel",
                    "email": "roman@code-factory.org"
                },
                {
                    "name": "Benjamin Eberlei",
                    "email": "kontakt@beberlei.de"
                },
                {
                    "name": "Johannes Schmitt",
                    "email": "schmittjoh@gmail.com",
                    "homepage": "https://github.com/schmittjoh",
                    "role": "Developer of wrapped JMSSerializerBundle"
                }
            ],
            "description": "Common Library for Doctrine projects",
            "homepage": "http://www.doctrine-project.org",
            "keywords": [
                "collections",
                "spl",
                "eventmanager",
                "annotations",
                "persistence"
            ]
        },
        {
            "name": "doctrine/dbal",
            "version": "2.3.x-dev",
            "source": {
                "type": "git",
                "url": "https://github.com/doctrine/dbal",
                "reference": "fd45c6f6baa618d871f3201fabe76df5043abb1e"
            },
            "dist": {
                "type": "zip",
                "url": "https://github.com/doctrine/dbal/archive/fd45c6f6baa618d871f3201fabe76df5043abb1e.zip",
                "reference": "fd45c6f6baa618d871f3201fabe76df5043abb1e",
                "shasum": ""
            },
            "require": {
                "php": ">=5.3.2",
                "doctrine/common": "2.3.*"
            },
            "time": "2013-01-20 11:50:36",
            "type": "library",
            "extra": {
                "branch-alias": {
                    "dev-master": "2.3.x-dev"
                }
            },
            "autoload": {
                "psr-0": {
                    "Doctrine\\DBAL": "lib/"
                }
            },
            "notification-url": "https://packagist.org/downloads/",
            "license": [
                "MIT"
            ],
            "authors": [
                {
                    "name": "Jonathan Wage",
                    "email": "jonwage@gmail.com",
                    "homepage": "http://www.jwage.com/"
                },
                {
                    "name": "Guilherme Blanco",
                    "email": "guilhermeblanco@gmail.com",
                    "homepage": "http://www.instaclick.com"
                },
                {
                    "name": "Roman Borschel",
                    "email": "roman@code-factory.org"
                },
                {
                    "name": "Benjamin Eberlei",
                    "email": "kontakt@beberlei.de"
                }
            ],
            "description": "Database Abstraction Layer",
            "homepage": "http://www.doctrine-project.org",
            "keywords": [
                "database",
                "persistence",
                "dbal",
                "queryobject"
            ]
        },
        {
            "name": "doctrine/orm",
            "version": "2.3.x-dev",
            "source": {
                "type": "git",
                "url": "git://github.com/doctrine/doctrine2.git",
                "reference": "fdd0af34e6fced967b8751bc3e4792c11ef86d57"
            },
            "dist": {
                "type": "zip",
                "url": "https://github.com/doctrine/doctrine2/archive/fdd0af34e6fced967b8751bc3e4792c11ef86d57.zip",
                "reference": "fdd0af34e6fced967b8751bc3e4792c11ef86d57",
                "shasum": ""
            },
            "require": {
                "php": ">=5.3.2",
                "ext-pdo": "*",
                "symfony/console": "2.*",
                "doctrine/dbal": "2.3.*"
            },
            "suggest": {
                "symfony/yaml": "If you want to use YAML Metadata Mapping Driver"
            },
            "time": "2013-01-20 19:35:21",
            "bin": [
                "bin/doctrine",
                "bin/doctrine.php"
            ],
            "type": "library",
            "extra": {
                "branch-alias": {
                    "dev-master": "2.3.x-dev"
                }
            },
            "autoload": {
                "psr-0": {
                    "Doctrine\\ORM": "lib/"
                }
            },
            "notification-url": "https://packagist.org/downloads/",
            "license": [
                "MIT"
            ],
            "authors": [
                {
                    "name": "Jonathan Wage",
                    "email": "jonwage@gmail.com",
                    "homepage": "http://www.jwage.com/"
                },
                {
                    "name": "Guilherme Blanco",
                    "email": "guilhermeblanco@gmail.com",
                    "homepage": "http://www.instaclick.com"
                },
                {
                    "name": "Roman Borschel",
                    "email": "roman@code-factory.org"
                },
                {
                    "name": "Benjamin Eberlei",
                    "email": "kontakt@beberlei.de"
                }
            ],
            "description": "Object-Relational-Mapper for PHP",
            "homepage": "http://www.doctrine-project.org",
            "keywords": [
                "database",
                "orm"
            ]
        },
        {
            "name": "fzaninotto/faker",
            "version": "dev-master",
            "source": {
                "type": "git",
                "url": "https://github.com/fzaninotto/Faker",
                "reference": "9d7bf6177249873d978d85a170b67b7049032b2d"
            },
            "dist": {
                "type": "zip",
                "url": "https://github.com/fzaninotto/Faker/archive/9d7bf6177249873d978d85a170b67b7049032b2d.zip",
                "reference": "9d7bf6177249873d978d85a170b67b7049032b2d",
                "shasum": ""
            },
            "require": {
                "php": ">=5.3.3"
            },
            "time": "2013-01-12 14:20:46",
            "type": "library",
            "extra": {
                "branch-alias": {
                    "dev-master": "1.1.x-dev"
                }
            },
            "autoload": {
                "psr-0": {
                    "Faker": "src/"
                }
            },
            "notification-url": "https://packagist.org/downloads/",
            "license": [
                "MIT"
            ],
            "authors": [
                {
                    "name": "François Zaninotto"
                }
            ],
            "description": "Faker is a PHP library that generates fake data for you.",
            "keywords": [
                "faker",
                "fixtures",
                "data"
            ]
        },
        {
            "name": "gedmo/doctrine-extensions",
            "version": "dev-master",
            "source": {
                "type": "git",
                "url": "git://github.com/l3pp4rd/DoctrineExtensions.git",
                "reference": "baa42fda5607978d70040b9f38b6b3a13823c903"
            },
            "dist": {
                "type": "zip",
                "url": "https://github.com/l3pp4rd/DoctrineExtensions/archive/baa42fda5607978d70040b9f38b6b3a13823c903.zip",
                "reference": "baa42fda5607978d70040b9f38b6b3a13823c903",
                "shasum": ""
            },
            "require": {
                "php": ">=5.3.2",
                "doctrine/common": ">=2.2,<2.5-dev"
            },
            "require-dev": {
                "doctrine/mongodb": ">=1.0.0-BETA1",
                "doctrine/mongodb-odm": ">=1.0.0-BETA6",
                "doctrine/orm": ">=2.2",
                "doctrine/dbal": ">=2.2",
                "symfony/yaml": "2.*"
            },
            "suggest": {
                "doctrine/orm": ">=2.2",
                "doctrine/dbal": ">=2.2",
                "doctrine/mongodb": ">=1.0.0",
                "doctrine/mongodb-odm": ">=1.0.0-BETA7"
            },
            "time": "2013-01-18 18:21:44",
            "type": "library",
            "extra": {
                "branch-alias": {
                    "dev-master": "2.3.x-dev"
                }
            },
            "autoload": {
                "psr-0": {
                    "Gedmo": "lib/"
                }
            },
            "notification-url": "https://packagist.org/downloads/",
            "license": [
                "MIT"
            ],
            "authors": [
                {
                    "name": "Gediminas Morkevicius",
                    "email": "gediminas.morkevicius@gmail.com"
                }
            ],
            "description": "Doctrine2 behavioral extensions",
            "homepage": "http://gediminasm.org/",
            "keywords": [
                "tree",
                "behaviors",
                "doctrine2",
                "extensions",
                "gedmo",
                "sluggable",
                "loggable",
                "translatable",
                "nestedset",
                "sortable",
                "timestampable"
            ]
        },
        {
            "name": "leafo/lessphp",
            "version": "dev-master",
            "source": {
                "type": "git",
                "url": "http://github.com/leafo/lessphp",
                "reference": "da15f54506ce5023eaeb9ad9cae83470ffe018a1"
            },
            "dist": {
                "type": "zip",
                "url": "https://github.com/leafo/lessphp/archive/da15f54506ce5023eaeb9ad9cae83470ffe018a1.zip",
                "reference": "da15f54506ce5023eaeb9ad9cae83470ffe018a1",
                "shasum": ""
            },
            "time": "2012-11-03 17:50:34",
            "type": "library",
            "autoload": {
                "classmap": [
                    "lessc.inc.php"
                ]
            },
            "notification-url": "https://packagist.org/downloads/",
            "license": [
                "MIT",
                "GPL-3.0"
            ],
            "authors": [
                {
                    "name": "Leaf Corcoran",
                    "email": "leafot@gmail.com",
                    "homepage": "http://leafo.net"
                }
            ],
            "description": "lessphp is a compiler for LESS written in PHP.",
            "homepage": "http://leafo.net/lessphp/"
        },
        {
            "name": "symfony/console",
            "version": "2.1.x-dev",
            "target-dir": "Symfony/Component/Console",
            "source": {
                "type": "git",
                "url": "https://github.com/symfony/Console",
                "reference": "v2.1.7"
            },
            "dist": {
                "type": "zip",
                "url": "https://github.com/symfony/Console/archive/v2.1.7.zip",
                "reference": "v2.1.7",
                "shasum": ""
            },
            "require": {
                "php": ">=5.3.3"
            },
            "time": "2013-01-17 15:20:05",
            "type": "library",
            "autoload": {
                "psr-0": {
                    "Symfony\\Component\\Console": ""
                }
            },
            "notification-url": "https://packagist.org/downloads/",
            "license": [
                "MIT"
            ],
            "authors": [
                {
                    "name": "Fabien Potencier",
                    "email": "fabien@symfony.com"
                },
                {
                    "name": "Symfony Community",
                    "homepage": "http://symfony.com/contributors"
                }
            ],
            "description": "Symfony Console Component",
            "homepage": "http://symfony.com"
        },
        {
            "name": "symfony/yaml",
            "version": "2.1.x-dev",
            "target-dir": "Symfony/Component/Yaml",
            "source": {
                "type": "git",
                "url": "https://github.com/symfony/Yaml",
                "reference": "v2.1.7"
            },
            "dist": {
                "type": "zip",
                "url": "https://github.com/symfony/Yaml/archive/v2.1.7.zip",
                "reference": "v2.1.7",
                "shasum": ""
            },
            "require": {
                "php": ">=5.3.3"
            },
            "time": "2013-01-17 21:21:51",
            "type": "library",
            "autoload": {
                "psr-0": {
                    "Symfony\\Component\\Yaml": ""
                }
            },
            "notification-url": "https://packagist.org/downloads/",
            "license": [
                "MIT"
            ],
            "authors": [
                {
                    "name": "Fabien Potencier",
                    "email": "fabien@symfony.com"
                },
                {
                    "name": "Symfony Community",
                    "homepage": "http://symfony.com/contributors"
                }
            ],
            "description": "Symfony Yaml Component",
            "homepage": "http://symfony.com"
        }
    ],
    "packages-dev": null,
    "aliases": [

    ],
    "minimum-stability": "stable",
    "stability-flags": {
        "digital-canvas/zend-framework": 20,
        "doctrine/orm": 20,
        "doctrine/dbal": 20,
        "symfony/yaml": 20,
        "symfony/console": 20,
        "gedmo/doctrine-extensions": 20,
        "leafo/lessphp": 20,
        "coffeescript/coffeescript": 20,
        "fzaninotto/faker": 20
    }
}
